
Microsoft Visual Studio Solution File, Format Version 12.00
# Visual Studio Version 16
VisualStudioVersion = 16.0.29926.136
MinimumVisualStudioVersion = 10.0.40219.1
Project("{FAE04EC0-301F-11D3-BF4B-00C04F79EFBC}") = "Test_JWT_Authentication_With_Angular", "Test_JWT_Authentication_With_Angular.csproj", "{239F449B-EB05-4BEA-9EE4-119A36348201}"
EndProject
Global
	GlobalSection(SolutionConfigurationPlatforms) = preSolution
		Debug|Any CPU = Debug|Any CPU
		Release|Any CPU = Release|Any CPU
	EndGlobalSection
	GlobalSection(ProjectConfigurationPlatforms) = postSolution
		{239F449B-EB05-4BEA-9EE4-119A36348201}.Debug|Any CPU.ActiveCfg = Debug|Any CPU
		{239F449B-EB05-4BEA-9EE4-119A36348201}.Debug|Any CPU.Build.0 = Debug|Any CPU
		{239F449B-EB05-4BEA-9EE4-119A36348201}.Release|Any CPU.ActiveCfg = Release|Any CPU
		{239F449B-EB05-4BEA-9EE4-119A36348201}.Release|Any CPU.Build.0 = Release|Any CPU
	EndGlobalSection
	GlobalSection(SolutionProperties) = preSolution
		HideSolutionNode = FALSE
	EndGlobalSection
	GlobalSection(ExtensibilityGlobals) = postSolution
		SolutionGuid = {CA66AF6A-F480-49D3-8483-753CD29A689D}
	EndGlobalSection
EndGlobal
